
Microsoft Visual Studio Solution File, Format Version 12.00
# Visual Studio Version 16
VisualStudioVersion = 16.0.30225.117
MinimumVisualStudioVersion = 10.0.40219.1
Project("{00D1A9C2-B5F0-4AF3-8072-F6C62B433612}") = "CV_APP", "CV_APP\CV_APP.sqlproj", "{5B462CDA-9AB9-485A-92B2-01EA713832E8}"
EndProject
Global
	GlobalSection(SolutionConfigurationPlatforms) = preSolution
		Debug|Any CPU = Debug|Any CPU
		Release|Any CPU = Release|Any CPU
	EndGlobalSection
	GlobalSection(ProjectConfigurationPlatforms) = postSolution
		{5B462CDA-9AB9-485A-92B2-01EA713832E8}.Debug|Any CPU.ActiveCfg = Debug|Any CPU
		{5B462CDA-9AB9-485A-92B2-01EA713832E8}.Debug|Any CPU.Build.0 = Debug|Any CPU
		{5B462CDA-9AB9-485A-92B2-01EA713832E8}.Debug|Any CPU.Deploy.0 = Debug|Any CPU
		{5B462CDA-9AB9-485A-92B2-01EA713832E8}.Release|Any CPU.ActiveCfg = Release|Any CPU
		{5B462CDA-9AB9-485A-92B2-01EA713832E8}.Release|Any CPU.Build.0 = Release|Any CPU
		{5B462CDA-9AB9-485A-92B2-01EA713832E8}.Release|Any CPU.Deploy.0 = Release|Any CPU
	EndGlobalSection
	GlobalSection(SolutionProperties) = preSolution
		HideSolutionNode = FALSE
	EndGlobalSection
	GlobalSection(ExtensibilityGlobals) = postSolution
		SolutionGuid = {F845F761-3DD8-454A-95D6-BE79F76B92B9}
	EndGlobalSection
EndGlobal
